{
  "version": "4",
  "specifiers": {
    "jsr:@deno/cache-dir@0.8": "0.8.0",
    "jsr:@deno/emit@0.45": "0.45.0",
    "jsr:@deno/gfm@0.10": "0.10.0",
    "jsr:@denosaurs/emoji@0.3": "0.3.1",
    "jsr:@smallweb/file-server@0.5.1": "0.5.1",
    "jsr:@std/assert@0.223": "0.223.0",
    "jsr:@std/assert@~0.218.2": "0.218.2",
    "jsr:@std/bytes@~0.218.2": "0.218.2",
    "jsr:@std/cli@^1.0.6": "1.0.6",
    "jsr:@std/encoding@^1.0.5": "1.0.5",
    "jsr:@std/fmt@^1.0.3": "1.0.3",
    "jsr:@std/fmt@~0.218.2": "0.218.2",
    "jsr:@std/fs@^1.0.5": "1.0.5",
    "jsr:@std/fs@~0.218.2": "0.218.2",
    "jsr:@std/http@1": "1.0.10",
    "jsr:@std/io@~0.218.2": "0.218.2",
    "jsr:@std/media-types@^1.1.0": "1.1.0",
    "jsr:@std/net@^1.0.4": "1.0.4",
    "jsr:@std/path@0.223": "0.223.0",
    "jsr:@std/path@^1.0.6": "1.0.8",
    "jsr:@std/path@^1.0.7": "1.0.8",
    "jsr:@std/path@^1.0.8": "1.0.8",
    "jsr:@std/path@~0.218.2": "0.218.2",
    "jsr:@std/streams@^1.0.8": "1.0.8",
    "npm:@deno/vite-plugin@1": "1.0.0_vite@5.4.11",
    "npm:@types/react-dom@^18.3.1": "18.3.1",
    "npm:@types/react@^18.3.11": "18.3.12",
    "npm:@vitejs/plugin-react-swc@^3.7.1": "3.7.1_vite@5.4.11",
    "npm:github-slugger@2": "2.0.0",
    "npm:he@^1.2.0": "1.2.0",
    "npm:katex@0.16": "0.16.11",
    "npm:marked-alert@2": "2.1.2_marked@12.0.2",
    "npm:marked-footnote@^1.2.0": "1.2.4_marked@12.0.2",
    "npm:marked-gfm-heading-id@^3.1.0": "3.2.0_marked@12.0.2",
    "npm:marked@12": "12.0.2",
    "npm:prismjs@^1.29.0": "1.29.0",
    "npm:react-dom@^18.3.1": "18.3.1_react@18.3.1",
    "npm:react@^18.3.1": "18.3.1",
    "npm:sanitize-html@^2.13.0": "2.13.1",
    "npm:vite@*": "5.4.11",
    "npm:vite@^5.4.9": "5.4.11"
  },
  "jsr": {
    "@deno/cache-dir@0.8.0": {
      "integrity": "e87e80a404958f6350d903e6238b72afb92468378b0b32111f7a1e4916ac7fe7",
      "dependencies": [
        "jsr:@std/fmt@~0.218.2",
        "jsr:@std/fs@~0.218.2",
        "jsr:@std/io",
        "jsr:@std/path@~0.218.2"
      ]
    },
    "@deno/emit@0.45.0": {
      "integrity": "b59d632e61dbe4be7e9e61235f02ad08ff124c714c31deb080c4de778da1894d",
      "dependencies": [
        "jsr:@deno/cache-dir",
        "jsr:@std/path@0.223"
      ]
    },
    "@deno/gfm@0.10.0": {
      "integrity": "51708205e3559a4aeb6afb29d07c5bfafe7941f91bb360351ef6621de9a39527",
      "dependencies": [
        "jsr:@denosaurs/emoji",
        "npm:github-slugger",
        "npm:he",
        "npm:katex",
        "npm:marked",
        "npm:marked-alert",
        "npm:marked-footnote",
        "npm:marked-gfm-heading-id",
        "npm:prismjs",
        "npm:sanitize-html"
      ]
    },
    "@denosaurs/emoji@0.3.1": {
      "integrity": "b0aed5f55dec99e83da7c9637fe0a36d1d6252b7c99deaaa3fc5dea3fcf3da8b"
    },
    "@smallweb/file-server@0.5.1": {
      "integrity": "aa09ccc62a30046c3826b38722c2fcbc8224ec518422fe6679e640f067f87330",
      "dependencies": [
        "jsr:@deno/emit",
        "jsr:@deno/gfm",
        "jsr:@std/fs@^1.0.5",
        "jsr:@std/http",
        "jsr:@std/path@^1.0.6",
        "npm:prismjs"
      ]
    },
    "@std/assert@0.218.2": {
      "integrity": "7f0a5a1a8cf86607cd6c2c030584096e1ffad27fc9271429a8cb48cfbdee5eaf"
    },
    "@std/assert@0.223.0": {
      "integrity": "eb8d6d879d76e1cc431205bd346ed4d88dc051c6366365b1af47034b0670be24"
    },
    "@std/bytes@0.218.2": {
      "integrity": "91fe54b232dcca73856b79a817247f4a651dbb60d51baafafb6408c137241670"
    },
    "@std/cli@1.0.6": {
      "integrity": "d22d8b38c66c666d7ad1f2a66c5b122da1704f985d3c47f01129f05abb6c5d3d"
    },
    "@std/encoding@1.0.5": {
      "integrity": "ecf363d4fc25bd85bd915ff6733a7e79b67e0e7806334af15f4645c569fefc04"
    },
    "@std/fmt@0.218.2": {
      "integrity": "99526449d2505aa758b6cbef81e7dd471d8b28ec0dcb1491d122b284c548788a"
    },
    "@std/fmt@1.0.3": {
      "integrity": "97765c16aa32245ff4e2204ecf7d8562496a3cb8592340a80e7e554e0bb9149f"
    },
    "@std/fs@0.218.2": {
      "integrity": "dd9431453f7282e8c577cc22c9e6d036055a9a980b5549f887d6012969fabcca"
    },
    "@std/fs@1.0.5": {
      "integrity": "41806ad6823d0b5f275f9849a2640d87e4ef67c51ee1b8fb02426f55e02fd44e",
      "dependencies": [
        "jsr:@std/path@^1.0.7"
      ]
    },
    "@std/http@1.0.10": {
      "integrity": "4e32d11493ab04e3ef09f104f0cb9beb4228b1d4b47c5469573c2c294c0d3692",
      "dependencies": [
        "jsr:@std/cli",
        "jsr:@std/encoding",
        "jsr:@std/fmt@^1.0.3",
        "jsr:@std/media-types",
        "jsr:@std/net",
        "jsr:@std/path@^1.0.8",
        "jsr:@std/streams"
      ]
    },
    "@std/io@0.218.2": {
      "integrity": "c64fbfa087b7c9d4d386c5672f291f607d88cb7d44fc299c20c713e345f2785f",
      "dependencies": [
        "jsr:@std/assert@~0.218.2",
        "jsr:@std/bytes"
      ]
    },
    "@std/media-types@1.1.0": {
      "integrity": "c9d093f0c05c3512932b330e3cc1fe1d627b301db33a4c2c2185c02471d6eaa4"
    },
    "@std/net@1.0.4": {
      "integrity": "2f403b455ebbccf83d8a027d29c5a9e3a2452fea39bb2da7f2c04af09c8bc852"
    },
    "@std/path@0.218.2": {
      "integrity": "b568fd923d9e53ad76d17c513e7310bda8e755a3e825e6289a0ce536404e2662",
      "dependencies": [
        "jsr:@std/assert@~0.218.2"
      ]
    },
    "@std/path@0.223.0": {
      "integrity": "593963402d7e6597f5a6e620931661053572c982fc014000459edc1f93cc3989",
      "dependencies": [
        "jsr:@std/assert@0.223"
      ]
    },
    "@std/path@1.0.8": {
      "integrity": "548fa456bb6a04d3c1a1e7477986b6cffbce95102d0bb447c67c4ee70e0364be"
    },
    "@std/streams@1.0.8": {
      "integrity": "b41332d93d2cf6a82fe4ac2153b930adf1a859392931e2a19d9fabfb6f154fb3"
    }
  },
  "npm": {
    "@deno/vite-plugin@1.0.0_vite@5.4.11": {
      "integrity": "sha512-Q9UeWqs3s7B5lqzu1Z5QrzYAzqTj3+F9YW17tWobGRbT2G40ihwis6zK/+QgMgcG4fm3IqdIfXmpQYhkZpdMfw==",
      "dependencies": [
        "vite"
      ]
    },
    "@esbuild/aix-ppc64@0.21.5": {
      "integrity": "sha512-1SDgH6ZSPTlggy1yI6+Dbkiz8xzpHJEVAlF/AM1tHPLsf5STom9rwtjE4hKAF20FfXXNTFqEYXyJNWh1GiZedQ=="
    },
    "@esbuild/android-arm64@0.21.5": {
      "integrity": "sha512-c0uX9VAUBQ7dTDCjq+wdyGLowMdtR/GoC2U5IYk/7D1H1JYC0qseD7+11iMP2mRLN9RcCMRcjC4YMclCzGwS/A=="
    },
    "@esbuild/android-arm@0.21.5": {
      "integrity": "sha512-vCPvzSjpPHEi1siZdlvAlsPxXl7WbOVUBBAowWug4rJHb68Ox8KualB+1ocNvT5fjv6wpkX6o/iEpbDrf68zcg=="
    },
    "@esbuild/android-x64@0.21.5": {
      "integrity": "sha512-D7aPRUUNHRBwHxzxRvp856rjUHRFW1SdQATKXH2hqA0kAZb1hKmi02OpYRacl0TxIGz/ZmXWlbZgjwWYaCakTA=="
    },
    "@esbuild/darwin-arm64@0.21.5": {
      "integrity": "sha512-DwqXqZyuk5AiWWf3UfLiRDJ5EDd49zg6O9wclZ7kUMv2WRFr4HKjXp/5t8JZ11QbQfUS6/cRCKGwYhtNAY88kQ=="
    },
    "@esbuild/darwin-x64@0.21.5": {
      "integrity": "sha512-se/JjF8NlmKVG4kNIuyWMV/22ZaerB+qaSi5MdrXtd6R08kvs2qCN4C09miupktDitvh8jRFflwGFBQcxZRjbw=="
    },
    "@esbuild/freebsd-arm64@0.21.5": {
      "integrity": "sha512-5JcRxxRDUJLX8JXp/wcBCy3pENnCgBR9bN6JsY4OmhfUtIHe3ZW0mawA7+RDAcMLrMIZaf03NlQiX9DGyB8h4g=="
    },
    "@esbuild/freebsd-x64@0.21.5": {
      "integrity": "sha512-J95kNBj1zkbMXtHVH29bBriQygMXqoVQOQYA+ISs0/2l3T9/kj42ow2mpqerRBxDJnmkUDCaQT/dfNXWX/ZZCQ=="
    },
    "@esbuild/linux-arm64@0.21.5": {
      "integrity": "sha512-ibKvmyYzKsBeX8d8I7MH/TMfWDXBF3db4qM6sy+7re0YXya+K1cem3on9XgdT2EQGMu4hQyZhan7TeQ8XkGp4Q=="
    },
    "@esbuild/linux-arm@0.21.5": {
      "integrity": "sha512-bPb5AHZtbeNGjCKVZ9UGqGwo8EUu4cLq68E95A53KlxAPRmUyYv2D6F0uUI65XisGOL1hBP5mTronbgo+0bFcA=="
    },
    "@esbuild/linux-ia32@0.21.5": {
      "integrity": "sha512-YvjXDqLRqPDl2dvRODYmmhz4rPeVKYvppfGYKSNGdyZkA01046pLWyRKKI3ax8fbJoK5QbxblURkwK/MWY18Tg=="
    },
    "@esbuild/linux-loong64@0.21.5": {
      "integrity": "sha512-uHf1BmMG8qEvzdrzAqg2SIG/02+4/DHB6a9Kbya0XDvwDEKCoC8ZRWI5JJvNdUjtciBGFQ5PuBlpEOXQj+JQSg=="
    },
    "@esbuild/linux-mips64el@0.21.5": {
      "integrity": "sha512-IajOmO+KJK23bj52dFSNCMsz1QP1DqM6cwLUv3W1QwyxkyIWecfafnI555fvSGqEKwjMXVLokcV5ygHW5b3Jbg=="
    },
    "@esbuild/linux-ppc64@0.21.5": {
      "integrity": "sha512-1hHV/Z4OEfMwpLO8rp7CvlhBDnjsC3CttJXIhBi+5Aj5r+MBvy4egg7wCbe//hSsT+RvDAG7s81tAvpL2XAE4w=="
    },
    "@esbuild/linux-riscv64@0.21.5": {
      "integrity": "sha512-2HdXDMd9GMgTGrPWnJzP2ALSokE/0O5HhTUvWIbD3YdjME8JwvSCnNGBnTThKGEB91OZhzrJ4qIIxk/SBmyDDA=="
    },
    "@esbuild/linux-s390x@0.21.5": {
      "integrity": "sha512-zus5sxzqBJD3eXxwvjN1yQkRepANgxE9lgOW2qLnmr8ikMTphkjgXu1HR01K4FJg8h1kEEDAqDcZQtbrRnB41A=="
    },
    "@esbuild/linux-x64@0.21.5": {
      "integrity": "sha512-1rYdTpyv03iycF1+BhzrzQJCdOuAOtaqHTWJZCWvijKD2N5Xu0TtVC8/+1faWqcP9iBCWOmjmhoH94dH82BxPQ=="
    },
    "@esbuild/netbsd-x64@0.21.5": {
      "integrity": "sha512-Woi2MXzXjMULccIwMnLciyZH4nCIMpWQAs049KEeMvOcNADVxo0UBIQPfSmxB3CWKedngg7sWZdLvLczpe0tLg=="
    },
    "@esbuild/openbsd-x64@0.21.5": {
      "integrity": "sha512-HLNNw99xsvx12lFBUwoT8EVCsSvRNDVxNpjZ7bPn947b8gJPzeHWyNVhFsaerc0n3TsbOINvRP2byTZ5LKezow=="
    },
    "@esbuild/sunos-x64@0.21.5": {
      "integrity": "sha512-6+gjmFpfy0BHU5Tpptkuh8+uw3mnrvgs+dSPQXQOv3ekbordwnzTVEb4qnIvQcYXq6gzkyTnoZ9dZG+D4garKg=="
    },
    "@esbuild/win32-arm64@0.21.5": {
      "integrity": "sha512-Z0gOTd75VvXqyq7nsl93zwahcTROgqvuAcYDUr+vOv8uHhNSKROyU961kgtCD1e95IqPKSQKH7tBTslnS3tA8A=="
    },
    "@esbuild/win32-ia32@0.21.5": {
      "integrity": "sha512-SWXFF1CL2RVNMaVs+BBClwtfZSvDgtL//G/smwAc5oVK/UPu2Gu9tIaRgFmYFFKrmg3SyAjSrElf0TiJ1v8fYA=="
    },
    "@esbuild/win32-x64@0.21.5": {
      "integrity": "sha512-tQd/1efJuzPC6rCFwEvLtci/xNFcTZknmXs98FYDfGE4wP9ClFV98nyKrzJKVPMhdDnjzLhdUyMX4PsQAPjwIw=="
    },
    "@rollup/rollup-android-arm-eabi@4.27.3": {
      "integrity": "sha512-EzxVSkIvCFxUd4Mgm4xR9YXrcp976qVaHnqom/Tgm+vU79k4vV4eYTjmRvGfeoW8m9LVcsAy/lGjcgVegKEhLQ=="
    },
    "@rollup/rollup-android-arm64@4.27.3": {
      "integrity": "sha512-LJc5pDf1wjlt9o/Giaw9Ofl+k/vLUaYsE2zeQGH85giX2F+wn/Cg8b3c5CDP3qmVmeO5NzwVUzQQxwZvC2eQKw=="
    },
    "@rollup/rollup-darwin-arm64@4.27.3": {
      "integrity": "sha512-OuRysZ1Mt7wpWJ+aYKblVbJWtVn3Cy52h8nLuNSzTqSesYw1EuN6wKp5NW/4eSre3mp12gqFRXOKTcN3AI3LqA=="
    },
    "@rollup/rollup-darwin-x64@4.27.3": {
      "integrity": "sha512-xW//zjJMlJs2sOrCmXdB4d0uiilZsOdlGQIC/jjmMWT47lkLLoB1nsNhPUcnoqyi5YR6I4h+FjBpILxbEy8JRg=="
    },
    "@rollup/rollup-freebsd-arm64@4.27.3": {
      "integrity": "sha512-58E0tIcwZ+12nK1WiLzHOD8I0d0kdrY/+o7yFVPRHuVGY3twBwzwDdTIBGRxLmyjciMYl1B/U515GJy+yn46qw=="
    },
    "@rollup/rollup-freebsd-x64@4.27.3": {
      "integrity": "sha512-78fohrpcVwTLxg1ZzBMlwEimoAJmY6B+5TsyAZ3Vok7YabRBUvjYTsRXPTjGEvv/mfgVBepbW28OlMEz4w8wGA=="
    },
    "@rollup/rollup-linux-arm-gnueabihf@4.27.3": {
      "integrity": "sha512-h2Ay79YFXyQi+QZKo3ISZDyKaVD7uUvukEHTOft7kh00WF9mxAaxZsNs3o/eukbeKuH35jBvQqrT61fzKfAB/Q=="
    },
    "@rollup/rollup-linux-arm-musleabihf@4.27.3": {
      "integrity": "sha512-Sv2GWmrJfRY57urktVLQ0VKZjNZGogVtASAgosDZ1aUB+ykPxSi3X1nWORL5Jk0sTIIwQiPH7iE3BMi9zGWfkg=="
    },
    "@rollup/rollup-linux-arm64-gnu@4.27.3": {
      "integrity": "sha512-FPoJBLsPW2bDNWjSrwNuTPUt30VnfM8GPGRoLCYKZpPx0xiIEdFip3dH6CqgoT0RnoGXptaNziM0WlKgBc+OWQ=="
    },
    "@rollup/rollup-linux-arm64-musl@4.27.3": {
      "integrity": "sha512-TKxiOvBorYq4sUpA0JT+Fkh+l+G9DScnG5Dqx7wiiqVMiRSkzTclP35pE6eQQYjP4Gc8yEkJGea6rz4qyWhp3g=="
    },
    "@rollup/rollup-linux-powerpc64le-gnu@4.27.3": {
      "integrity": "sha512-v2M/mPvVUKVOKITa0oCFksnQQ/TqGrT+yD0184/cWHIu0LoIuYHwox0Pm3ccXEz8cEQDLk6FPKd1CCm+PlsISw=="
    },
    "@rollup/rollup-linux-riscv64-gnu@4.27.3": {
      "integrity": "sha512-LdrI4Yocb1a/tFVkzmOE5WyYRgEBOyEhWYJe4gsDWDiwnjYKjNs7PS6SGlTDB7maOHF4kxevsuNBl2iOcj3b4A=="
    },
    "@rollup/rollup-linux-s390x-gnu@4.27.3": {
      "integrity": "sha512-d4wVu6SXij/jyiwPvI6C4KxdGzuZOvJ6y9VfrcleHTwo68fl8vZC5ZYHsCVPUi4tndCfMlFniWgwonQ5CUpQcA=="
    },
    "@rollup/rollup-linux-x64-gnu@4.27.3": {
      "integrity": "sha512-/6bn6pp1fsCGEY5n3yajmzZQAh+mW4QPItbiWxs69zskBzJuheb3tNynEjL+mKOsUSFK11X4LYF2BwwXnzWleA=="
    },
    "@rollup/rollup-linux-x64-musl@4.27.3": {
      "integrity": "sha512-nBXOfJds8OzUT1qUreT/en3eyOXd2EH5b0wr2bVB5999qHdGKkzGzIyKYaKj02lXk6wpN71ltLIaQpu58YFBoQ=="
    },
    "@rollup/rollup-win32-arm64-msvc@4.27.3": {
      "integrity": "sha512-ogfbEVQgIZOz5WPWXF2HVb6En+kWzScuxJo/WdQTqEgeyGkaa2ui5sQav9Zkr7bnNCLK48uxmmK0TySm22eiuw=="
    },
    "@rollup/rollup-win32-ia32-msvc@4.27.3": {
      "integrity": "sha512-ecE36ZBMLINqiTtSNQ1vzWc5pXLQHlf/oqGp/bSbi7iedcjcNb6QbCBNG73Euyy2C+l/fn8qKWEwxr+0SSfs3w=="
    },
    "@rollup/rollup-win32-x64-msvc@4.27.3": {
      "integrity": "sha512-vliZLrDmYKyaUoMzEbMTg2JkerfBjn03KmAw9CykO0Zzkzoyd7o3iZNam/TpyWNjNT+Cz2iO3P9Smv2wgrR+Eg=="
    },
    "@swc/core-darwin-arm64@1.9.3": {
      "integrity": "sha512-hGfl/KTic/QY4tB9DkTbNuxy5cV4IeejpPD4zo+Lzt4iLlDWIeANL4Fkg67FiVceNJboqg48CUX+APhDHO5G1w=="
    },
    "@swc/core-darwin-x64@1.9.3": {
      "integrity": "sha512-IaRq05ZLdtgF5h9CzlcgaNHyg4VXuiStnOFpfNEMuI5fm5afP2S0FHq8WdakUz5WppsbddTdplL+vpeApt/WCQ=="
    },
    "@swc/core-linux-arm-gnueabihf@1.9.3": {
      "integrity": "sha512-Pbwe7xYprj/nEnZrNBvZfjnTxlBIcfApAGdz2EROhjpPj+FBqBa3wOogqbsuGGBdCphf8S+KPprL1z+oDWkmSQ=="
    },
    "@swc/core-linux-arm64-gnu@1.9.3": {
      "integrity": "sha512-AQ5JZiwNGVV/2K2TVulg0mw/3LYfqpjZO6jDPtR2evNbk9Yt57YsVzS+3vHSlUBQDRV9/jqMuZYVU3P13xrk+g=="
    },
    "@swc/core-linux-arm64-musl@1.9.3": {
      "integrity": "sha512-tzVH480RY6RbMl/QRgh5HK3zn1ZTFsThuxDGo6Iuk1MdwIbdFYUY034heWUTI4u3Db97ArKh0hNL0xhO3+PZdg=="
    },
    "@swc/core-linux-x64-gnu@1.9.3": {
      "integrity": "sha512-ivXXBRDXDc9k4cdv10R21ccBmGebVOwKXT/UdH1PhxUn9m/h8erAWjz5pcELwjiMf27WokqPgaWVfaclDbgE+w=="
    },
    "@swc/core-linux-x64-musl@1.9.3": {
      "integrity": "sha512-ILsGMgfnOz1HwdDz+ZgEuomIwkP1PHT6maigZxaCIuC6OPEhKE8uYna22uU63XvYcLQvZYDzpR3ms47WQPuNEg=="
    },
    "@swc/core-win32-arm64-msvc@1.9.3": {
      "integrity": "sha512-e+XmltDVIHieUnNJHtspn6B+PCcFOMYXNJB1GqoCcyinkEIQNwC8KtWgMqUucUbEWJkPc35NHy9k8aCXRmw9Kg=="
    },
    "@swc/core-win32-ia32-msvc@1.9.3": {
      "integrity": "sha512-rqpzNfpAooSL4UfQnHhkW8aL+oyjqJniDP0qwZfGnjDoJSbtPysHg2LpcOBEdSnEH+uIZq6J96qf0ZFD8AGfXA=="
    },
    "@swc/core-win32-x64-msvc@1.9.3": {
      "integrity": "sha512-3YJJLQ5suIEHEKc1GHtqVq475guiyqisKSoUnoaRtxkDaW5g1yvPt9IoSLOe2mRs7+FFhGGU693RsBUSwOXSdQ=="
    },
    "@swc/core@1.9.3": {
      "integrity": "sha512-oRj0AFePUhtatX+BscVhnzaAmWjpfAeySpM1TCbxA1rtBDeH/JDhi5yYzAKneDYtVtBvA7ApfeuzhMC9ye4xSg==",
      "dependencies": [
        "@swc/core-darwin-arm64",
        "@swc/core-darwin-x64",
        "@swc/core-linux-arm-gnueabihf",
        "@swc/core-linux-arm64-gnu",
        "@swc/core-linux-arm64-musl",
        "@swc/core-linux-x64-gnu",
        "@swc/core-linux-x64-musl",
        "@swc/core-win32-arm64-msvc",
        "@swc/core-win32-ia32-msvc",
        "@swc/core-win32-x64-msvc",
        "@swc/counter",
        "@swc/types"
      ]
    },
    "@swc/counter@0.1.3": {
      "integrity": "sha512-e2BR4lsJkkRlKZ/qCHPw9ZaSxc0MVUd7gtbtaB7aMvHeJVYe8sOB8DBZkP2DtISHGSku9sCK6T6cnY0CtXrOCQ=="
    },
    "@swc/types@0.1.17": {
      "integrity": "sha512-V5gRru+aD8YVyCOMAjMpWR1Ui577DD5KSJsHP8RAxopAH22jFz6GZd/qxqjO6MJHQhcsjvjOFXyDhyLQUnMveQ==",
      "dependencies": [
        "@swc/counter"
      ]
    },
    "@types/estree@1.0.6": {
      "integrity": "sha512-AYnb1nQyY49te+VRAVgmzfcgjYS91mY5P0TKUDCLEM+gNnA+3T6rWITXRLYCpahpqSQbN5cE+gHpnPyXjHWxcw=="
    },
    "@types/prop-types@15.7.13": {
      "integrity": "sha512-hCZTSvwbzWGvhqxp/RqVqwU999pBf2vp7hzIjiYOsl8wqOmUxkQ6ddw1cV3l8811+kdUFus/q4d1Y3E3SyEifA=="
    },
    "@types/react-dom@18.3.1": {
      "integrity": "sha512-qW1Mfv8taImTthu4KoXgDfLuk4bydU6Q/TkADnDWWHwi4NX4BR+LWfTp2sVmTqRrsHvyDDTelgelxJ+SsejKKQ==",
      "dependencies": [
        "@types/react"
      ]
    },
    "@types/react@18.3.12": {
      "integrity": "sha512-D2wOSq/d6Agt28q7rSI3jhU7G6aiuzljDGZ2hTZHIkrTLUI+AF3WMeKkEZ9nN2fkBAlcktT6vcZjDFiIhMYEQw==",
      "dependencies": [
        "@types/prop-types",
        "csstype"
      ]
    },
    "@vitejs/plugin-react-swc@3.7.1_vite@5.4.11": {
      "integrity": "sha512-vgWOY0i1EROUK0Ctg1hwhtC3SdcDjZcdit4Ups4aPkDcB1jYhmo+RMYWY87cmXMhvtD5uf8lV89j2w16vkdSVg==",
      "dependencies": [
        "@swc/core",
        "vite"
      ]
    },
    "commander@8.3.0": {
      "integrity": "sha512-OkTL9umf+He2DZkUq8f8J9of7yL6RJKI24dVITBmNfZBmri9zYZQrKkuXiKhyfPSu8tUhnVBB1iKXevvnlR4Ww=="
    },
    "csstype@3.1.3": {
      "integrity": "sha512-M1uQkMl8rQK/szD0LNhtqxIPLpimGm8sOBwU7lLnCpSbTyY3yeU1Vc7l4KT5zT4s/yOxHH5O7tIuuLOCnLADRw=="
    },
    "deepmerge@4.3.1": {
      "integrity": "sha512-3sUqbMEc77XqpdNO7FRyRog+eW3ph+GYCbj+rK+uYyRMuwsVy0rMiVtPn+QJlKFvWP/1PYpapqYn0Me2knFn+A=="
    },
    "dom-serializer@2.0.0": {
      "integrity": "sha512-wIkAryiqt/nV5EQKqQpo3SToSOV9J0DnbJqwK7Wv/Trc92zIAYZ4FlMu+JPFW1DfGFt81ZTCGgDEabffXeLyJg==",
      "dependencies": [
        "domelementtype",
        "domhandler",
        "entities"
      ]
    },
    "domelementtype@2.3.0": {
      "integrity": "sha512-OLETBj6w0OsagBwdXnPdN0cnMfF9opN69co+7ZrbfPGrdpPVNBUj02spi6B1N7wChLQiPn4CSH/zJvXw56gmHw=="
    },
    "domhandler@5.0.3": {
      "integrity": "sha512-cgwlv/1iFQiFnU96XXgROh8xTeetsnJiDsTc7TYCLFd9+/WNkIqPTxiM/8pSd8VIrhXGTf1Ny1q1hquVqDJB5w==",
      "dependencies": [
        "domelementtype"
      ]
    },
    "domutils@3.1.0": {
      "integrity": "sha512-H78uMmQtI2AhgDJjWeQmHwJJ2bLPD3GMmO7Zja/ZZh84wkm+4ut+IUnUdRa8uCGX88DiVx1j6FRe1XfxEgjEZA==",
      "dependencies": [
        "dom-serializer",
        "domelementtype",
        "domhandler"
      ]
    },
    "entities@4.5.0": {
      "integrity": "sha512-V0hjH4dGPh9Ao5p0MoRY6BVqtwCjhz6vI5LT8AJ55H+4g9/4vbHx1I54fS0XuclLhDHArPQCiMjDxjaL8fPxhw=="
    },
    "esbuild@0.21.5": {
      "integrity": "sha512-mg3OPMV4hXywwpoDxu3Qda5xCKQi+vCTZq8S9J/EpkhB2HzKXq4SNFZE3+NK93JYxc8VMSep+lOUSC/RVKaBqw==",
      "dependencies": [
        "@esbuild/aix-ppc64",
        "@esbuild/android-arm",
        "@esbuild/android-arm64",
        "@esbuild/android-x64",
        "@esbuild/darwin-arm64",
        "@esbuild/darwin-x64",
        "@esbuild/freebsd-arm64",
        "@esbuild/freebsd-x64",
        "@esbuild/linux-arm",
        "@esbuild/linux-arm64",
        "@esbuild/linux-ia32",
        "@esbuild/linux-loong64",
        "@esbuild/linux-mips64el",
        "@esbuild/linux-ppc64",
        "@esbuild/linux-riscv64",
        "@esbuild/linux-s390x",
        "@esbuild/linux-x64",
        "@esbuild/netbsd-x64",
        "@esbuild/openbsd-x64",
        "@esbuild/sunos-x64",
        "@esbuild/win32-arm64",
        "@esbuild/win32-ia32",
        "@esbuild/win32-x64"
      ]
    },
    "escape-string-regexp@4.0.0": {
      "integrity": "sha512-TtpcNJ3XAzx3Gq8sWRzJaVajRs0uVxA2YAkdb1jm2YkPz4G6egUFAyA3n5vtEIZefPk5Wa4UXbKuS5fKkJWdgA=="
    },
    "fsevents@2.3.3": {
      "integrity": "sha512-5xoDfX+fL7faATnagmWPpbFtwh/R77WmMMqqHGS65C3vvB0YHrgF+B1YmZ3441tMj5n63k0212XNoJwzlhffQw=="
    },
    "github-slugger@2.0.0": {
      "integrity": "sha512-IaOQ9puYtjrkq7Y0Ygl9KDZnrf/aiUJYUpVf89y8kyaxbRG7Y1SrX/jaumrv81vc61+kiMempujsM3Yw7w5qcw=="
    },
    "he@1.2.0": {
      "integrity": "sha512-F/1DnUGPopORZi0ni+CvrCgHQ5FyEAHRLSApuYWMmrbSwoN2Mn/7k+Gl38gJnR7yyDZk6WLXwiGod1JOWNDKGw=="
    },
    "htmlparser2@8.0.2": {
      "integrity": "sha512-GYdjWKDkbRLkZ5geuHs5NY1puJ+PXwP7+fHPRz06Eirsb9ugf6d8kkXav6ADhcODhFFPMIXyxkxSuMf3D6NCFA==",
      "dependencies": [
        "domelementtype",
        "domhandler",
        "domutils",
        "entities"
      ]
    },
    "is-plain-object@5.0.0": {
      "integrity": "sha512-VRSzKkbMm5jMDoKLbltAkFQ5Qr7VDiTFGXxYFXXowVj387GeGNOCsOH6Msy00SGZ3Fp84b1Naa1psqgcCIEP5Q=="
    },
    "js-tokens@4.0.0": {
      "integrity": "sha512-RdJUflcE3cUzKiMqQgsCu06FPu9UdIJO0beYbPhHN4k6apgJtifcoCtT9bcxOpYBtpD2kCM6Sbzg4CausW/PKQ=="
    },
    "katex@0.16.11": {
      "integrity": "sha512-RQrI8rlHY92OLf3rho/Ts8i/XvjgguEjOkO1BEXcU3N8BqPpSzBNwV/G0Ukr+P/l3ivvJUE/Fa/CwbS6HesGNQ==",
      "dependencies": [
        "commander"
      ]
    },
    "loose-envify@1.4.0": {
      "integrity": "sha512-lyuxPGr/Wfhrlem2CL/UcnUc1zcqKAImBDzukY7Y5F/yQiNdko6+fRLevlw1HgMySw7f611UIY408EtxRSoK3Q==",
      "dependencies": [
        "js-tokens"
      ]
    },
    "marked-alert@2.1.2_marked@12.0.2": {
      "integrity": "sha512-EFNRZ08d8L/iEIPLTlQMDjvwIsj03gxWCczYTht6DCiHJIZhMk4NK5gtPY9UqAYb09eV5VGT+jD4lp396E0I+w==",
      "dependencies": [
        "marked"
      ]
    },
    "marked-footnote@1.2.4_marked@12.0.2": {
      "integrity": "sha512-DB2Kl+wFh6YwZd70qABMY6WUkG1UuyqoNTFoDfGyG79Pz24neYtLBkB+45a7o72V7gkfvbC3CGzIYFobxfMT1Q==",
      "dependencies": [
        "marked"
      ]
    },
    "marked-gfm-heading-id@3.2.0_marked@12.0.2": {
      "integrity": "sha512-Xfxpr5lXLDLY10XqzSCA9l2dDaiabQUgtYM9hw8yunyVsB/xYBRpiic6BOiY/EAJw1ik1eWr1ET1HKOAPZBhXg==",
      "dependencies": [
        "github-slugger",
        "marked"
      ]
    },
    "marked@12.0.2": {
      "integrity": "sha512-qXUm7e/YKFoqFPYPa3Ukg9xlI5cyAtGmyEIzMfW//m6kXwCy2Ps9DYf5ioijFKQ8qyuscrHoY04iJGctu2Kg0Q=="
    },
    "nanoid@3.3.7": {
      "integrity": "sha512-eSRppjcPIatRIMC1U6UngP8XFcz8MQWGQdt1MTBQ7NaAmvXDfvNxbvWV3x2y6CdEUciCSsDHDQZbhYaB8QEo2g=="
    },
    "parse-srcset@1.0.2": {
      "integrity": "sha512-/2qh0lav6CmI15FzA3i/2Bzk2zCgQhGMkvhOhKNcBVQ1ldgpbfiNTVslmooUmWJcADi1f1kIeynbDRVzNlfR6Q=="
    },
    "picocolors@1.1.1": {
      "integrity": "sha512-xceH2snhtb5M9liqDsmEw56le376mTZkEX/jEb/RxNFyegNul7eNslCXP9FDj/Lcu0X8KEyMceP2ntpaHrDEVA=="
    },
    "postcss@8.4.49": {
      "integrity": "sha512-OCVPnIObs4N29kxTjzLfUryOkvZEq+pf8jTF0lg8E7uETuWHA+v7j3c/xJmiqpX450191LlmZfUKkXxkTry7nA==",
      "dependencies": [
        "nanoid",
        "picocolors",
        "source-map-js"
      ]
    },
    "prismjs@1.29.0": {
      "integrity": "sha512-Kx/1w86q/epKcmte75LNrEoT+lX8pBpavuAbvJWRXar7Hz8jrtF+e3vY751p0R8H9HdArwaCTNDDzHg/ScJK1Q=="
    },
    "react-dom@18.3.1_react@18.3.1": {
      "integrity": "sha512-5m4nQKp+rZRb09LNH59GM4BxTh9251/ylbKIbpe7TpGxfJ+9kv6BLkLBXIjjspbgbnIBNqlI23tRnTWT0snUIw==",
      "dependencies": [
        "loose-envify",
        "react",
        "scheduler"
      ]
    },
    "react@18.3.1": {
      "integrity": "sha512-wS+hAgJShR0KhEvPJArfuPVN1+Hz1t0Y6n5jLrGQbkb4urgPE/0Rve+1kMB1v/oWgHgm4WIcV+i7F2pTVj+2iQ==",
      "dependencies": [
        "loose-envify"
      ]
    },
    "rollup@4.27.3": {
      "integrity": "sha512-SLsCOnlmGt9VoZ9Ek8yBK8tAdmPHeppkw+Xa7yDlCEhDTvwYei03JlWo1fdc7YTfLZ4tD8riJCUyAgTbszk1fQ==",
      "dependencies": [
        "@rollup/rollup-android-arm-eabi",
        "@rollup/rollup-android-arm64",
        "@rollup/rollup-darwin-arm64",
        "@rollup/rollup-darwin-x64",
        "@rollup/rollup-freebsd-arm64",
        "@rollup/rollup-freebsd-x64",
        "@rollup/rollup-linux-arm-gnueabihf",
        "@rollup/rollup-linux-arm-musleabihf",
        "@rollup/rollup-linux-arm64-gnu",
        "@rollup/rollup-linux-arm64-musl",
        "@rollup/rollup-linux-powerpc64le-gnu",
        "@rollup/rollup-linux-riscv64-gnu",
        "@rollup/rollup-linux-s390x-gnu",
        "@rollup/rollup-linux-x64-gnu",
        "@rollup/rollup-linux-x64-musl",
        "@rollup/rollup-win32-arm64-msvc",
        "@rollup/rollup-win32-ia32-msvc",
        "@rollup/rollup-win32-x64-msvc",
        "@types/estree",
        "fsevents"
      ]
    },
    "sanitize-html@2.13.1": {
      "integrity": "sha512-ZXtKq89oue4RP7abL9wp/9URJcqQNABB5GGJ2acW1sdO8JTVl92f4ygD7Yc9Ze09VAZhnt2zegeU0tbNsdcLYg==",
      "dependencies": [
        "deepmerge",
        "escape-string-regexp",
        "htmlparser2",
        "is-plain-object",
        "parse-srcset",
        "postcss"
      ]
    },
    "scheduler@0.23.2": {
      "integrity": "sha512-UOShsPwz7NrMUqhR6t0hWjFduvOzbtv7toDH1/hIrfRNIDBnnBWd0CwJTGvTpngVlmwGCdP9/Zl/tVrDqcuYzQ==",
      "dependencies": [
        "loose-envify"
      ]
    },
    "source-map-js@1.2.1": {
      "integrity": "sha512-UXWMKhLOwVKb728IUtQPXxfYU+usdybtUrK/8uGE8CQMvrhOpwvzDBwj0QhSL7MQc7vIsISBG8VQ8+IDQxpfQA=="
    },
    "vite@5.4.11": {
      "integrity": "sha512-c7jFQRklXua0mTzneGW9QVyxFjUgwcihC4bXEtujIo2ouWCe1Ajt/amn2PCxYnhYfd5k09JX3SB7OYWFKYqj8Q==",
      "dependencies": [
        "esbuild",
        "fsevents",
        "postcss",
        "rollup"
      ]
    }
  },
  "workspace": {
    "dependencies": [
      "npm:@deno/vite-plugin@1",
      "npm:@types/react-dom@^18.3.1",
      "npm:@types/react@^18.3.11",
      "npm:@vitejs/plugin-react-swc@^3.7.1",
      "npm:react-dom@^18.3.1",
      "npm:react@^18.3.1",
      "npm:vite@^5.4.9"
    ]
  }
}
